
Microsoft Visual Studio Solution File, Format Version 12.00
# Visual Studio 15
VisualStudioVersion = 15.0.28307.1145
MinimumVisualStudioVersion = 10.0.40219.1
Project("{FAE04EC0-301F-11D3-BF4B-00C04F79EFBC}") = "Server", "Server\Server.csproj", "{CD8C9CD5-68B8-4882-80D8-44159B7B8A0A}"
EndProject
Project("{FAE04EC0-301F-11D3-BF4B-00C04F79EFBC}") = "DummyClient", "DummyClient\DummyClient.csproj", "{86F316F2-B496-47B4-84E5-B07B03B3BD00}"
EndProject
Project("{FAE04EC0-301F-11D3-BF4B-00C04F79EFBC}") = "ServerCore", "ServerCore\ServerCore.csproj", "{A09941D2-80C1-4FDA-BAE3-14A9E2A3BCD2}"
EndProject
Global
	GlobalSection(SolutionConfigurationPlatforms) = preSolution
		Debug|Any CPU = Debug|Any CPU
		Release|Any CPU = Release|Any CPU
	EndGlobalSection
	GlobalSection(ProjectConfigurationPlatforms) = postSolution
		{CD8C9CD5-68B8-4882-80D8-44159B7B8A0A}.Debug|Any CPU.ActiveCfg = Debug|Any CPU
		{CD8C9CD5-68B8-4882-80D8-44159B7B8A0A}.Debug|Any CPU.Build.0 = Debug|Any CPU
		{CD8C9CD5-68B8-4882-80D8-44159B7B8A0A}.Release|Any CPU.ActiveCfg = Release|Any CPU
		{CD8C9CD5-68B8-4882-80D8-44159B7B8A0A}.Release|Any CPU.Build.0 = Release|Any CPU
		{86F316F2-B496-47B4-84E5-B07B03B3BD00}.Debug|Any CPU.ActiveCfg = Debug|Any CPU
		{86F316F2-B496-47B4-84E5-B07B03B3BD00}.Debug|Any CPU.Build.0 = Debug|Any CPU
		{86F316F2-B496-47B4-84E5-B07B03B3BD00}.Release|Any CPU.ActiveCfg = Release|Any CPU
		{86F316F2-B496-47B4-84E5-B07B03B3BD00}.Release|Any CPU.Build.0 = Release|Any CPU
		{A09941D2-80C1-4FDA-BAE3-14A9E2A3BCD2}.Debug|Any CPU.ActiveCfg = Debug|Any CPU
		{A09941D2-80C1-4FDA-BAE3-14A9E2A3BCD2}.Debug|Any CPU.Build.0 = Debug|Any CPU
		{A09941D2-80C1-4FDA-BAE3-14A9E2A3BCD2}.Release|Any CPU.ActiveCfg = Release|Any CPU
		{A09941D2-80C1-4FDA-BAE3-14A9E2A3BCD2}.Release|Any CPU.Build.0 = Release|Any CPU
	EndGlobalSection
	GlobalSection(SolutionProperties) = preSolution
		HideSolutionNode = FALSE
	EndGlobalSection
	GlobalSection(ExtensibilityGlobals) = postSolution
		SolutionGuid = {3C3CC616-875D-434A-BB20-6073F4D18262}
	EndGlobalSection
EndGlobal
