
Microsoft Visual Studio Solution File, Format Version 12.00
# Visual Studio 15
VisualStudioVersion = 15.0.28307.1062
MinimumVisualStudioVersion = 10.0.40219.1
Project("{FAE04EC0-301F-11D3-BF4B-00C04F79EFBC}") = "Server", "Server\Server.csproj", "{EEC5DA13-061A-45CD-81CD-C3522C2B2582}"
EndProject
Project("{FAE04EC0-301F-11D3-BF4B-00C04F79EFBC}") = "ServerCore", "ServerCore\ServerCore.csproj", "{AFC65A94-FF05-42EB-85AD-0C8887591B69}"
EndProject
Project("{FAE04EC0-301F-11D3-BF4B-00C04F79EFBC}") = "DummyClient", "DummyClient\DummyClient.csproj", "{245C2609-870F-4182-BB54-AABE16C38565}"
EndProject
Global
	GlobalSection(SolutionConfigurationPlatforms) = preSolution
		Debug|Any CPU = Debug|Any CPU
		Release|Any CPU = Release|Any CPU
	EndGlobalSection
	GlobalSection(ProjectConfigurationPlatforms) = postSolution
		{EEC5DA13-061A-45CD-81CD-C3522C2B2582}.Debug|Any CPU.ActiveCfg = Debug|Any CPU
		{EEC5DA13-061A-45CD-81CD-C3522C2B2582}.Debug|Any CPU.Build.0 = Debug|Any CPU
		{EEC5DA13-061A-45CD-81CD-C3522C2B2582}.Release|Any CPU.ActiveCfg = Release|Any CPU
		{EEC5DA13-061A-45CD-81CD-C3522C2B2582}.Release|Any CPU.Build.0 = Release|Any CPU
		{AFC65A94-FF05-42EB-85AD-0C8887591B69}.Debug|Any CPU.ActiveCfg = Debug|Any CPU
		{AFC65A94-FF05-42EB-85AD-0C8887591B69}.Debug|Any CPU.Build.0 = Debug|Any CPU
		{AFC65A94-FF05-42EB-85AD-0C8887591B69}.Release|Any CPU.ActiveCfg = Release|Any CPU
		{AFC65A94-FF05-42EB-85AD-0C8887591B69}.Release|Any CPU.Build.0 = Release|Any CPU
		{245C2609-870F-4182-BB54-AABE16C38565}.Debug|Any CPU.ActiveCfg = Debug|Any CPU
		{245C2609-870F-4182-BB54-AABE16C38565}.Debug|Any CPU.Build.0 = Debug|Any CPU
		{245C2609-870F-4182-BB54-AABE16C38565}.Release|Any CPU.ActiveCfg = Release|Any CPU
		{245C2609-870F-4182-BB54-AABE16C38565}.Release|Any CPU.Build.0 = Release|Any CPU
	EndGlobalSection
	GlobalSection(SolutionProperties) = preSolution
		HideSolutionNode = FALSE
	EndGlobalSection
	GlobalSection(ExtensibilityGlobals) = postSolution
		SolutionGuid = {96CE05B7-A139-4BFB-8637-30BB2A15612B}
	EndGlobalSection
EndGlobal
